
Microsoft Visual Studio Solution File, Format Version 12.00
# Visual Studio 15
VisualStudioVersion = 15.0.27004.2008
MinimumVisualStudioVersion = 10.0.40219.1
Project("{FAE04EC0-301F-11D3-BF4B-00C04F79EFBC}") = "Tareas.Android", "Tareas\Tareas.Android\Tareas.Android.csproj", "{775CF4DF-E13E-4373-A86D-FCF030A4A55D}"
EndProject
Project("{FAE04EC0-301F-11D3-BF4B-00C04F79EFBC}") = "Tareas", "Tareas\Tareas\Tareas.csproj", "{D333764E-FA41-4F4E-B252-8B114596E8BC}"
EndProject
Project("{FAE04EC0-301F-11D3-BF4B-00C04F79EFBC}") = "Tareas.UWP", "Tareas\Tareas.UWP\Tareas.UWP.csproj", "{830A0B35-3122-4702-A491-F90B33453F99}"
EndProject
Project("{FAE04EC0-301F-11D3-BF4B-00C04F79EFBC}") = "Tareas.iOS", "Tareas\Tareas.iOS\Tareas.iOS.csproj", "{39CC10D3-D190-49FF-A74E-5D2676A71F92}"
EndProject
Global
	GlobalSection(SolutionConfigurationPlatforms) = preSolution
		Ad-Hoc|Any CPU = Ad-Hoc|Any CPU
		Ad-Hoc|ARM = Ad-Hoc|ARM
		Ad-Hoc|iPhone = Ad-Hoc|iPhone
		Ad-Hoc|iPhoneSimulator = Ad-Hoc|iPhoneSimulator
		Ad-Hoc|x64 = Ad-Hoc|x64
		Ad-Hoc|x86 = Ad-Hoc|x86
		AppStore|Any CPU = AppStore|Any CPU
		AppStore|ARM = AppStore|ARM
		AppStore|iPhone = AppStore|iPhone
		AppStore|iPhoneSimulator = AppStore|iPhoneSimulator
		AppStore|x64 = AppStore|x64
		AppStore|x86 = AppStore|x86
		Debug|Any CPU = Debug|Any CPU
		Debug|ARM = Debug|ARM
		Debug|iPhone = Debug|iPhone
		Debug|iPhoneSimulator = Debug|iPhoneSimulator
		Debug|x64 = Debug|x64
		Debug|x86 = Debug|x86
		Release|Any CPU = Release|Any CPU
		Release|ARM = Release|ARM
		Release|iPhone = Release|iPhone
		Release|iPhoneSimulator = Release|iPhoneSimulator
		Release|x64 = Release|x64
		Release|x86 = Release|x86
	EndGlobalSection
	GlobalSection(ProjectConfigurationPlatforms) = postSolution
		{775CF4DF-E13E-4373-A86D-FCF030A4A55D}.Ad-Hoc|Any CPU.ActiveCfg = Release|Any CPU
		{775CF4DF-E13E-4373-A86D-FCF030A4A55D}.Ad-Hoc|Any CPU.Build.0 = Release|Any CPU
		{775CF4DF-E13E-4373-A86D-FCF030A4A55D}.Ad-Hoc|Any CPU.Deploy.0 = Release|Any CPU
		{775CF4DF-E13E-4373-A86D-FCF030A4A55D}.Ad-Hoc|ARM.ActiveCfg = Release|Any CPU
		{775CF4DF-E13E-4373-A86D-FCF030A4A55D}.Ad-Hoc|ARM.Build.0 = Release|Any CPU
		{775CF4DF-E13E-4373-A86D-FCF030A4A55D}.Ad-Hoc|ARM.Deploy.0 = Release|Any CPU
		{775CF4DF-E13E-4373-A86D-FCF030A4A55D}.Ad-Hoc|iPhone.ActiveCfg = Release|Any CPU
		{775CF4DF-E13E-4373-A86D-FCF030A4A55D}.Ad-Hoc|iPhone.Build.0 = Release|Any CPU
		{775CF4DF-E13E-4373-A86D-FCF030A4A55D}.Ad-Hoc|iPhone.Deploy.0 = Release|Any CPU
		{775CF4DF-E13E-4373-A86D-FCF030A4A55D}.Ad-Hoc|iPhoneSimulator.ActiveCfg = Release|Any CPU
		{775CF4DF-E13E-4373-A86D-FCF030A4A55D}.Ad-Hoc|iPhoneSimulator.Build.0 = Release|Any CPU
		{775CF4DF-E13E-4373-A86D-FCF030A4A55D}.Ad-Hoc|iPhoneSimulator.Deploy.0 = Release|Any CPU
		{775CF4DF-E13E-4373-A86D-FCF030A4A55D}.Ad-Hoc|x64.ActiveCfg = Release|Any CPU
		{775CF4DF-E13E-4373-A86D-FCF030A4A55D}.Ad-Hoc|x64.Build.0 = Release|Any CPU
		{775CF4DF-E13E-4373-A86D-FCF030A4A55D}.Ad-Hoc|x64.Deploy.0 = Release|Any CPU
		{775CF4DF-E13E-4373-A86D-FCF030A4A55D}.Ad-Hoc|x86.ActiveCfg = Release|Any CPU
		{775CF4DF-E13E-4373-A86D-FCF030A4A55D}.Ad-Hoc|x86.Build.0 = Release|Any CPU
		{775CF4DF-E13E-4373-A86D-FCF030A4A55D}.Ad-Hoc|x86.Deploy.0 = Release|Any CPU
		{775CF4DF-E13E-4373-A86D-FCF030A4A55D}.AppStore|Any CPU.ActiveCfg = Release|Any CPU
		{775CF4DF-E13E-4373-A86D-FCF030A4A55D}.AppStore|Any CPU.Build.0 = Release|Any CPU
		{775CF4DF-E13E-4373-A86D-FCF030A4A55D}.AppStore|Any CPU.Deploy.0 = Release|Any CPU
		{775CF4DF-E13E-4373-A86D-FCF030A4A55D}.AppStore|ARM.ActiveCfg = Release|Any CPU
		{775CF4DF-E13E-4373-A86D-FCF030A4A55D}.AppStore|ARM.Build.0 = Release|Any CPU
		{775CF4DF-E13E-4373-A86D-FCF030A4A55D}.AppStore|ARM.Deploy.0 = Release|Any CPU
		{775CF4DF-E13E-4373-A86D-FCF030A4A55D}.AppStore|iPhone.ActiveCfg = Release|Any CPU
		{775CF4DF-E13E-4373-A86D-FCF030A4A55D}.AppStore|iPhone.Build.0 = Release|Any CPU
		{775CF4DF-E13E-4373-A86D-FCF030A4A55D}.AppStore|iPhone.Deploy.0 = Release|Any CPU
		{775CF4DF-E13E-4373-A86D-FCF030A4A55D}.AppStore|iPhoneSimulator.ActiveCfg = Release|Any CPU
		{775CF4DF-E13E-4373-A86D-FCF030A4A55D}.AppStore|iPhoneSimulator.Build.0 = Release|Any CPU
		{775CF4DF-E13E-4373-A86D-FCF030A4A55D}.AppStore|iPhoneSimulator.Deploy.0 = Release|Any CPU
		{775CF4DF-E13E-4373-A86D-FCF030A4A55D}.AppStore|x64.ActiveCfg = Release|Any CPU
		{775CF4DF-E13E-4373-A86D-FCF030A4A55D}.AppStore|x64.Build.0 = Release|Any CPU
		{775CF4DF-E13E-4373-A86D-FCF030A4A55D}.AppStore|x64.Deploy.0 = Release|Any CPU
		{775CF4DF-E13E-4373-A86D-FCF030A4A55D}.AppStore|x86.ActiveCfg = Release|Any CPU
		{775CF4DF-E13E-4373-A86D-FCF030A4A55D}.AppStore|x86.Build.0 = Release|Any CPU
		{775CF4DF-E13E-4373-A86D-FCF030A4A55D}.AppStore|x86.Deploy.0 = Release|Any CPU
		{775CF4DF-E13E-4373-A86D-FCF030A4A55D}.Debug|Any CPU.ActiveCfg = Debug|Any CPU
		{775CF4DF-E13E-4373-A86D-FCF030A4A55D}.Debug|Any CPU.Build.0 = Debug|Any CPU
		{775CF4DF-E13E-4373-A86D-FCF030A4A55D}.Debug|Any CPU.Deploy.0 = Debug|Any CPU
		{775CF4DF-E13E-4373-A86D-FCF030A4A55D}.Debug|ARM.ActiveCfg = Debug|Any CPU
		{775CF4DF-E13E-4373-A86D-FCF030A4A55D}.Debug|ARM.Build.0 = Debug|Any CPU
		{775CF4DF-E13E-4373-A86D-FCF030A4A55D}.Debug|ARM.Deploy.0 = Debug|Any CPU
		{775CF4DF-E13E-4373-A86D-FCF030A4A55D}.Debug|iPhone.ActiveCfg = Debug|Any CPU
		{775CF4DF-E13E-4373-A86D-FCF030A4A55D}.Debug|iPhone.Build.0 = Debug|Any CPU
		{775CF4DF-E13E-4373-A86D-FCF030A4A55D}.Debug|iPhone.Deploy.0 = Debug|Any CPU
		{775CF4DF-E13E-4373-A86D-FCF030A4A55D}.Debug|iPhoneSimulator.ActiveCfg = Debug|Any CPU
		{775CF4DF-E13E-4373-A86D-FCF030A4A55D}.Debug|iPhoneSimulator.Build.0 = Debug|Any CPU
		{775CF4DF-E13E-4373-A86D-FCF030A4A55D}.Debug|iPhoneSimulator.Deploy.0 = Debug|Any CPU
		{775CF4DF-E13E-4373-A86D-FCF030A4A55D}.Debug|x64.ActiveCfg = Debug|Any CPU
		{775CF4DF-E13E-4373-A86D-FCF030A4A55D}.Debug|x64.Build.0 = Debug|Any CPU
		{775CF4DF-E13E-4373-A86D-FCF030A4A55D}.Debug|x64.Deploy.0 = Debug|Any CPU
		{775CF4DF-E13E-4373-A86D-FCF030A4A55D}.Debug|x86.ActiveCfg = Debug|Any CPU
		{775CF4DF-E13E-4373-A86D-FCF030A4A55D}.Debug|x86.Build.0 = Debug|Any CPU
		{775CF4DF-E13E-4373-A86D-FCF030A4A55D}.Debug|x86.Deploy.0 = Debug|Any CPU
		{775CF4DF-E13E-4373-A86D-FCF030A4A55D}.Release|Any CPU.ActiveCfg = Release|Any CPU
		{775CF4DF-E13E-4373-A86D-FCF030A4A55D}.Release|Any CPU.Build.0 = Release|Any CPU
		{775CF4DF-E13E-4373-A86D-FCF030A4A55D}.Release|Any CPU.Deploy.0 = Release|Any CPU
		{775CF4DF-E13E-4373-A86D-FCF030A4A55D}.Release|ARM.ActiveCfg = Release|Any CPU
		{775CF4DF-E13E-4373-A86D-FCF030A4A55D}.Release|ARM.Build.0 = Release|Any CPU
		{775CF4DF-E13E-4373-A86D-FCF030A4A55D}.Release|ARM.Deploy.0 = Release|Any CPU
		{775CF4DF-E13E-4373-A86D-FCF030A4A55D}.Release|iPhone.ActiveCfg = Release|Any CPU
		{775CF4DF-E13E-4373-A86D-FCF030A4A55D}.Release|iPhone.Build.0 = Release|Any CPU
		{775CF4DF-E13E-4373-A86D-FCF030A4A55D}.Release|iPhone.Deploy.0 = Release|Any CPU
		{775CF4DF-E13E-4373-A86D-FCF030A4A55D}.Release|iPhoneSimulator.ActiveCfg = Release|Any CPU
		{775CF4DF-E13E-4373-A86D-FCF030A4A55D}.Release|iPhoneSimulator.Build.0 = Release|Any CPU
		{775CF4DF-E13E-4373-A86D-FCF030A4A55D}.Release|iPhoneSimulator.Deploy.0 = Release|Any CPU
		{775CF4DF-E13E-4373-A86D-FCF030A4A55D}.Release|x64.ActiveCfg = Release|Any CPU
		{775CF4DF-E13E-4373-A86D-FCF030A4A55D}.Release|x64.Build.0 = Release|Any CPU
		{775CF4DF-E13E-4373-A86D-FCF030A4A55D}.Release|x64.Deploy.0 = Release|Any CPU
		{775CF4DF-E13E-4373-A86D-FCF030A4A55D}.Release|x86.ActiveCfg = Release|Any CPU
		{775CF4DF-E13E-4373-A86D-FCF030A4A55D}.Release|x86.Build.0 = Release|Any CPU
		{775CF4DF-E13E-4373-A86D-FCF030A4A55D}.Release|x86.Deploy.0 = Release|Any CPU
		{D333764E-FA41-4F4E-B252-8B114596E8BC}.Ad-Hoc|Any CPU.ActiveCfg = Release|Any CPU
		{D333764E-FA41-4F4E-B252-8B114596E8BC}.Ad-Hoc|Any CPU.Build.0 = Release|Any CPU
		{D333764E-FA41-4F4E-B252-8B114596E8BC}.Ad-Hoc|ARM.ActiveCfg = Release|Any CPU
		{D333764E-FA41-4F4E-B252-8B114596E8BC}.Ad-Hoc|ARM.Build.0 = Release|Any CPU
		{D333764E-FA41-4F4E-B252-8B114596E8BC}.Ad-Hoc|iPhone.ActiveCfg = Release|Any CPU
		{D333764E-FA41-4F4E-B252-8B114596E8BC}.Ad-Hoc|iPhone.Build.0 = Release|Any CPU
		{D333764E-FA41-4F4E-B252-8B114596E8BC}.Ad-Hoc|iPhoneSimulator.ActiveCfg = Release|Any CPU
		{D333764E-FA41-4F4E-B252-8B114596E8BC}.Ad-Hoc|iPhoneSimulator.Build.0 = Release|Any CPU
		{D333764E-FA41-4F4E-B252-8B114596E8BC}.Ad-Hoc|x64.ActiveCfg = Release|Any CPU
		{D333764E-FA41-4F4E-B252-8B114596E8BC}.Ad-Hoc|x64.Build.0 = Release|Any CPU
		{D333764E-FA41-4F4E-B252-8B114596E8BC}.Ad-Hoc|x86.ActiveCfg = Release|Any CPU
		{D333764E-FA41-4F4E-B252-8B114596E8BC}.Ad-Hoc|x86.Build.0 = Release|Any CPU
		{D333764E-FA41-4F4E-B252-8B114596E8BC}.AppStore|Any CPU.ActiveCfg = Release|Any CPU
		{D333764E-FA41-4F4E-B252-8B114596E8BC}.AppStore|Any CPU.Build.0 = Release|Any CPU
		{D333764E-FA41-4F4E-B252-8B114596E8BC}.AppStore|ARM.ActiveCfg = Release|Any CPU
		{D333764E-FA41-4F4E-B252-8B114596E8BC}.AppStore|ARM.Build.0 = Release|Any CPU
		{D333764E-FA41-4F4E-B252-8B114596E8BC}.AppStore|iPhone.ActiveCfg = Release|Any CPU
		{D333764E-FA41-4F4E-B252-8B114596E8BC}.AppStore|iPhone.Build.0 = Release|Any CPU
		{D333764E-FA41-4F4E-B252-8B114596E8BC}.AppStore|iPhoneSimulator.ActiveCfg = Release|Any CPU
		{D333764E-FA41-4F4E-B252-8B114596E8BC}.AppStore|iPhoneSimulator.Build.0 = Release|Any CPU
		{D333764E-FA41-4F4E-B252-8B114596E8BC}.AppStore|x64.ActiveCfg = Release|Any CPU
		{D333764E-FA41-4F4E-B252-8B114596E8BC}.AppStore|x64.Build.0 = Release|Any CPU
		{D333764E-FA41-4F4E-B252-8B114596E8BC}.AppStore|x86.ActiveCfg = Release|Any CPU
		{D333764E-FA41-4F4E-B252-8B114596E8BC}.AppStore|x86.Build.0 = Release|Any CPU
		{D333764E-FA41-4F4E-B252-8B114596E8BC}.Debug|Any CPU.ActiveCfg = Debug|Any CPU
		{D333764E-FA41-4F4E-B252-8B114596E8BC}.Debug|Any CPU.Build.0 = Debug|Any CPU
		{D333764E-FA41-4F4E-B252-8B114596E8BC}.Debug|ARM.ActiveCfg = Debug|Any CPU
		{D333764E-FA41-4F4E-B252-8B114596E8BC}.Debug|ARM.Build.0 = Debug|Any CPU
		{D333764E-FA41-4F4E-B252-8B114596E8BC}.Debug|iPhone.ActiveCfg = Debug|Any CPU
		{D333764E-FA41-4F4E-B252-8B114596E8BC}.Debug|iPhone.Build.0 = Debug|Any CPU
		{D333764E-FA41-4F4E-B252-8B114596E8BC}.Debug|iPhoneSimulator.ActiveCfg = Debug|Any CPU
		{D333764E-FA41-4F4E-B252-8B114596E8BC}.Debug|iPhoneSimulator.Build.0 = Debug|Any CPU
		{D333764E-FA41-4F4E-B252-8B114596E8BC}.Debug|x64.ActiveCfg = Debug|Any CPU
		{D333764E-FA41-4F4E-B252-8B114596E8BC}.Debug|x64.Build.0 = Debug|Any CPU
		{D333764E-FA41-4F4E-B252-8B114596E8BC}.Debug|x86.ActiveCfg = Debug|Any CPU
		{D333764E-FA41-4F4E-B252-8B114596E8BC}.Debug|x86.Build.0 = Debug|Any CPU
		{D333764E-FA41-4F4E-B252-8B114596E8BC}.Release|Any CPU.ActiveCfg = Release|Any CPU
		{D333764E-FA41-4F4E-B252-8B114596E8BC}.Release|Any CPU.Build.0 = Release|Any CPU
		{D333764E-FA41-4F4E-B252-8B114596E8BC}.Release|ARM.ActiveCfg = Release|Any CPU
		{D333764E-FA41-4F4E-B252-8B114596E8BC}.Release|ARM.Build.0 = Release|Any CPU
		{D333764E-FA41-4F4E-B252-8B114596E8BC}.Release|iPhone.ActiveCfg = Release|Any CPU
		{D333764E-FA41-4F4E-B252-8B114596E8BC}.Release|iPhone.Build.0 = Release|Any CPU
		{D333764E-FA41-4F4E-B252-8B114596E8BC}.Release|iPhoneSimulator.ActiveCfg = Release|Any CPU
		{D333764E-FA41-4F4E-B252-8B114596E8BC}.Release|iPhoneSimulator.Build.0 = Release|Any CPU
		{D333764E-FA41-4F4E-B252-8B114596E8BC}.Release|x64.ActiveCfg = Release|Any CPU
		{D333764E-FA41-4F4E-B252-8B114596E8BC}.Release|x64.Build.0 = Release|Any CPU
		{D333764E-FA41-4F4E-B252-8B114596E8BC}.Release|x86.ActiveCfg = Release|Any CPU
		{D333764E-FA41-4F4E-B252-8B114596E8BC}.Release|x86.Build.0 = Release|Any CPU
		{830A0B35-3122-4702-A491-F90B33453F99}.Ad-Hoc|Any CPU.ActiveCfg = Release|x86
		{830A0B35-3122-4702-A491-F90B33453F99}.Ad-Hoc|Any CPU.Build.0 = Release|x86
		{830A0B35-3122-4702-A491-F90B33453F99}.Ad-Hoc|Any CPU.Deploy.0 = Release|x86
		{830A0B35-3122-4702-A491-F90B33453F99}.Ad-Hoc|ARM.ActiveCfg = Release|ARM
		{830A0B35-3122-4702-A491-F90B33453F99}.Ad-Hoc|ARM.Build.0 = Release|ARM
		{830A0B35-3122-4702-A491-F90B33453F99}.Ad-Hoc|ARM.Deploy.0 = Release|ARM
		{830A0B35-3122-4702-A491-F90B33453F99}.Ad-Hoc|iPhone.ActiveCfg = Release|x86
		{830A0B35-3122-4702-A491-F90B33453F99}.Ad-Hoc|iPhone.Build.0 = Release|x86
		{830A0B35-3122-4702-A491-F90B33453F99}.Ad-Hoc|iPhone.Deploy.0 = Release|x86
		{830A0B35-3122-4702-A491-F90B33453F99}.Ad-Hoc|iPhoneSimulator.ActiveCfg = Release|x86
		{830A0B35-3122-4702-A491-F90B33453F99}.Ad-Hoc|iPhoneSimulator.Build.0 = Release|x86
		{830A0B35-3122-4702-A491-F90B33453F99}.Ad-Hoc|iPhoneSimulator.Deploy.0 = Release|x86
		{830A0B35-3122-4702-A491-F90B33453F99}.Ad-Hoc|x64.ActiveCfg = Release|x64
		{830A0B35-3122-4702-A491-F90B33453F99}.Ad-Hoc|x64.Build.0 = Release|x64
		{830A0B35-3122-4702-A491-F90B33453F99}.Ad-Hoc|x64.Deploy.0 = Release|x64
		{830A0B35-3122-4702-A491-F90B33453F99}.Ad-Hoc|x86.ActiveCfg = Release|x86
		{830A0B35-3122-4702-A491-F90B33453F99}.Ad-Hoc|x86.Build.0 = Release|x86
		{830A0B35-3122-4702-A491-F90B33453F99}.Ad-Hoc|x86.Deploy.0 = Release|x86
		{830A0B35-3122-4702-A491-F90B33453F99}.AppStore|Any CPU.ActiveCfg = Release|x86
		{830A0B35-3122-4702-A491-F90B33453F99}.AppStore|Any CPU.Build.0 = Release|x86
		{830A0B35-3122-4702-A491-F90B33453F99}.AppStore|Any CPU.Deploy.0 = Release|x86
		{830A0B35-3122-4702-A491-F90B33453F99}.AppStore|ARM.ActiveCfg = Release|ARM
		{830A0B35-3122-4702-A491-F90B33453F99}.AppStore|ARM.Build.0 = Release|ARM
		{830A0B35-3122-4702-A491-F90B33453F99}.AppStore|ARM.Deploy.0 = Release|ARM
		{830A0B35-3122-4702-A491-F90B33453F99}.AppStore|iPhone.ActiveCfg = Release|x86
		{830A0B35-3122-4702-A491-F90B33453F99}.AppStore|iPhone.Build.0 = Release|x86
		{830A0B35-3122-4702-A491-F90B33453F99}.AppStore|iPhone.Deploy.0 = Release|x86
		{830A0B35-3122-4702-A491-F90B33453F99}.AppStore|iPhoneSimulator.ActiveCfg = Release|x86
		{830A0B35-3122-4702-A491-F90B33453F99}.AppStore|iPhoneSimulator.Build.0 = Release|x86
		{830A0B35-3122-4702-A491-F90B33453F99}.AppStore|iPhoneSimulator.Deploy.0 = Release|x86
		{830A0B35-3122-4702-A491-F90B33453F99}.AppStore|x64.ActiveCfg = Release|x64
		{830A0B35-3122-4702-A491-F90B33453F99}.AppStore|x64.Build.0 = Release|x64
		{830A0B35-3122-4702-A491-F90B33453F99}.AppStore|x64.Deploy.0 = Release|x64
		{830A0B35-3122-4702-A491-F90B33453F99}.AppStore|x86.ActiveCfg = Release|x86
		{830A0B35-3122-4702-A491-F90B33453F99}.AppStore|x86.Build.0 = Release|x86
		{830A0B35-3122-4702-A491-F90B33453F99}.AppStore|x86.Deploy.0 = Release|x86
		{830A0B35-3122-4702-A491-F90B33453F99}.Debug|Any CPU.ActiveCfg = Debug|x86
		{830A0B35-3122-4702-A491-F90B33453F99}.Debug|ARM.ActiveCfg = Debug|ARM
		{830A0B35-3122-4702-A491-F90B33453F99}.Debug|ARM.Build.0 = Debug|ARM
		{830A0B35-3122-4702-A491-F90B33453F99}.Debug|ARM.Deploy.0 = Debug|ARM
		{830A0B35-3122-4702-A491-F90B33453F99}.Debug|iPhone.ActiveCfg = Debug|x86
		{830A0B35-3122-4702-A491-F90B33453F99}.Debug|iPhoneSimulator.ActiveCfg = Debug|x86
		{830A0B35-3122-4702-A491-F90B33453F99}.Debug|x64.ActiveCfg = Debug|x64
		{830A0B35-3122-4702-A491-F90B33453F99}.Debug|x64.Build.0 = Debug|x64
		{830A0B35-3122-4702-A491-F90B33453F99}.Debug|x64.Deploy.0 = Debug|x64
		{830A0B35-3122-4702-A491-F90B33453F99}.Debug|x86.ActiveCfg = Debug|x86
		{830A0B35-3122-4702-A491-F90B33453F99}.Debug|x86.Build.0 = Debug|x86
		{830A0B35-3122-4702-A491-F90B33453F99}.Debug|x86.Deploy.0 = Debug|x86
		{830A0B35-3122-4702-A491-F90B33453F99}.Release|Any CPU.ActiveCfg = Release|x86
		{830A0B35-3122-4702-A491-F90B33453F99}.Release|ARM.ActiveCfg = Release|ARM
		{830A0B35-3122-4702-A491-F90B33453F99}.Release|ARM.Build.0 = Release|ARM
		{830A0B35-3122-4702-A491-F90B33453F99}.Release|ARM.Deploy.0 = Release|ARM
		{830A0B35-3122-4702-A491-F90B33453F99}.Release|iPhone.ActiveCfg = Release|x86
		{830A0B35-3122-4702-A491-F90B33453F99}.Release|iPhoneSimulator.ActiveCfg = Release|x86
		{830A0B35-3122-4702-A491-F90B33453F99}.Release|x64.ActiveCfg = Release|x64
		{830A0B35-3122-4702-A491-F90B33453F99}.Release|x64.Build.0 = Release|x64
		{830A0B35-3122-4702-A491-F90B33453F99}.Release|x64.Deploy.0 = Release|x64
		{830A0B35-3122-4702-A491-F90B33453F99}.Release|x86.ActiveCfg = Release|x86
		{830A0B35-3122-4702-A491-F90B33453F99}.Release|x86.Build.0 = Release|x86
		{830A0B35-3122-4702-A491-F90B33453F99}.Release|x86.Deploy.0 = Release|x86
		{39CC10D3-D190-49FF-A74E-5D2676A71F92}.Ad-Hoc|Any CPU.ActiveCfg = Ad-Hoc|iPhoneSimulator
		{39CC10D3-D190-49FF-A74E-5D2676A71F92}.Ad-Hoc|ARM.ActiveCfg = Ad-Hoc|iPhone
		{39CC10D3-D190-49FF-A74E-5D2676A71F92}.Ad-Hoc|iPhone.ActiveCfg = Ad-Hoc|iPhone
		{39CC10D3-D190-49FF-A74E-5D2676A71F92}.Ad-Hoc|iPhone.Build.0 = Ad-Hoc|iPhone
		{39CC10D3-D190-49FF-A74E-5D2676A71F92}.Ad-Hoc|iPhoneSimulator.ActiveCfg = Ad-Hoc|iPhoneSimulator
		{39CC10D3-D190-49FF-A74E-5D2676A71F92}.Ad-Hoc|iPhoneSimulator.Build.0 = Ad-Hoc|iPhoneSimulator
		{39CC10D3-D190-49FF-A74E-5D2676A71F92}.Ad-Hoc|x64.ActiveCfg = Ad-Hoc|iPhone
		{39CC10D3-D190-49FF-A74E-5D2676A71F92}.Ad-Hoc|x86.ActiveCfg = Ad-Hoc|iPhone
		{39CC10D3-D190-49FF-A74E-5D2676A71F92}.AppStore|Any CPU.ActiveCfg = AppStore|iPhoneSimulator
		{39CC10D3-D190-49FF-A74E-5D2676A71F92}.AppStore|ARM.ActiveCfg = AppStore|iPhone
		{39CC10D3-D190-49FF-A74E-5D2676A71F92}.AppStore|iPhone.ActiveCfg = AppStore|iPhone
		{39CC10D3-D190-49FF-A74E-5D2676A71F92}.AppStore|iPhone.Build.0 = AppStore|iPhone
		{39CC10D3-D190-49FF-A74E-5D2676A71F92}.AppStore|iPhoneSimulator.ActiveCfg = AppStore|iPhoneSimulator
		{39CC10D3-D190-49FF-A74E-5D2676A71F92}.AppStore|iPhoneSimulator.Build.0 = AppStore|iPhoneSimulator
		{39CC10D3-D190-49FF-A74E-5D2676A71F92}.AppStore|x64.ActiveCfg = AppStore|iPhone
		{39CC10D3-D190-49FF-A74E-5D2676A71F92}.AppStore|x86.ActiveCfg = AppStore|iPhone
		{39CC10D3-D190-49FF-A74E-5D2676A71F92}.Debug|Any CPU.ActiveCfg = Debug|iPhoneSimulator
		{39CC10D3-D190-49FF-A74E-5D2676A71F92}.Debug|ARM.ActiveCfg = Debug|iPhone
		{39CC10D3-D190-49FF-A74E-5D2676A71F92}.Debug|iPhone.ActiveCfg = Debug|iPhone
		{39CC10D3-D190-49FF-A74E-5D2676A71F92}.Debug|iPhone.Build.0 = Debug|iPhone
		{39CC10D3-D190-49FF-A74E-5D2676A71F92}.Debug|iPhoneSimulator.ActiveCfg = Debug|iPhoneSimulator
		{39CC10D3-D190-49FF-A74E-5D2676A71F92}.Debug|iPhoneSimulator.Build.0 = Debug|iPhoneSimulator
		{39CC10D3-D190-49FF-A74E-5D2676A71F92}.Debug|x64.ActiveCfg = Debug|iPhone
		{39CC10D3-D190-49FF-A74E-5D2676A71F92}.Debug|x86.ActiveCfg = Debug|iPhone
		{39CC10D3-D190-49FF-A74E-5D2676A71F92}.Release|Any CPU.ActiveCfg = Release|iPhoneSimulator
		{39CC10D3-D190-49FF-A74E-5D2676A71F92}.Release|ARM.ActiveCfg = Release|iPhone
		{39CC10D3-D190-49FF-A74E-5D2676A71F92}.Release|iPhone.ActiveCfg = Release|iPhone
		{39CC10D3-D190-49FF-A74E-5D2676A71F92}.Release|iPhone.Build.0 = Release|iPhone
		{39CC10D3-D190-49FF-A74E-5D2676A71F92}.Release|iPhoneSimulator.ActiveCfg = Release|iPhoneSimulator
		{39CC10D3-D190-49FF-A74E-5D2676A71F92}.Release|iPhoneSimulator.Build.0 = Release|iPhoneSimulator
		{39CC10D3-D190-49FF-A74E-5D2676A71F92}.Release|x64.ActiveCfg = Release|iPhone
		{39CC10D3-D190-49FF-A74E-5D2676A71F92}.Release|x86.ActiveCfg = Release|iPhone
	EndGlobalSection
	GlobalSection(SolutionProperties) = preSolution
		HideSolutionNode = FALSE
	EndGlobalSection
	GlobalSection(ExtensibilityGlobals) = postSolution
		SolutionGuid = {93FF0A34-365C-49FB-8FE6-77D91E0BBDA3}
	EndGlobalSection
EndGlobal
